// !$*UTF8*$!
{
	archiveVersion = 1;
	classes = {
	};
	objectVersion = 46;
	objects = {

/* Begin PBXBuildFile section */
		A226615BBFDB27022FFA289D /* libPods-WonderPhoto.a in Frameworks */ = {isa = PBXBuildFile; fileRef = 80E02F6D42ED500C01B6608A /* libPods-WonderPhoto.a */; };
		A300AF631B4BABC10071F5A3 /* main.m in Sources */ = {isa = PBXBuildFile; fileRef = A300AF621B4BABC10071F5A3 /* main.m */; };
		A300AF661B4BABC10071F5A3 /* AppDelegate.m in Sources */ = {isa = PBXBuildFile; fileRef = A300AF651B4BABC10071F5A3 /* AppDelegate.m */; };
		A300AF6C1B4BABC10071F5A3 /* Main.storyboard in Resources */ = {isa = PBXBuildFile; fileRef = A300AF6A1B4BABC10071F5A3 /* Main.storyboard */; };
		A300AF6E1B4BABC10071F5A3 /* Images.xcassets in Resources */ = {isa = PBXBuildFile; fileRef = A300AF6D1B4BABC10071F5A3 /* Images.xcassets */; };
		A300AF711B4BABC10071F5A3 /* LaunchScreen.xib in Resources */ = {isa = PBXBuildFile; fileRef = A300AF6F1B4BABC10071F5A3 /* LaunchScreen.xib */; };
		A300AF7D1B4BABC10071F5A3 /* WonderPhotoTests.m in Sources */ = {isa = PBXBuildFile; fileRef = A300AF7C1B4BABC10071F5A3 /* WonderPhotoTests.m */; };
		B7149029B1A2B82E6236621E /* GalleryViewModel.m in Sources */ = {isa = PBXBuildFile; fileRef = B7149AB42BB1CB126857EF41 /* GalleryViewModel.m */; };
		B714907ACE597938191D7746 /* LoginViewModel.m in Sources */ = {isa = PBXBuildFile; fileRef = B714903F74527112A8EA7A3E /* LoginViewModel.m */; };
		B71495451D0E0C97804176EE /* GalleryViewController.m in Sources */ = {isa = PBXBuildFile; fileRef = B7149DAECB7501181751D7E6 /* GalleryViewController.m */; };
		B7149C9521CB5B8B7BAB0B88 /* LoginViewController.m in Sources */ = {isa = PBXBuildFile; fileRef = B7149895242F2A9EFD69C247 /* LoginViewController.m */; };
/* End PBXBuildFile section */

/* Begin PBXContainerItemProxy section */
		A300AF771B4BABC10071F5A3 /* PBXContainerItemProxy */ = {
			isa = PBXContainerItemProxy;
			containerPortal = A300AF551B4BABC10071F5A3 /* Project object */;
			proxyType = 1;
			remoteGlobalIDString = A300AF5C1B4BABC10071F5A3;
			remoteInfo = WonderPhoto;
		};
/* End PBXContainerItemProxy section */

/* Begin PBXFileReference section */
		202E52CE19DD23EAEA0ED056 /* Pods-WonderPhoto.release.xcconfig */ = {isa = PBXFileReference; includeInIndex = 1; lastKnownFileType = text.xcconfig; name = "Pods-WonderPhoto.release.xcconfig"; path = "Pods/Target Support Files/Pods-WonderPhoto/Pods-WonderPhoto.release.xcconfig"; sourceTree = "<group>"; };
		80E02F6D42ED500C01B6608A /* libPods-WonderPhoto.a */ = {isa = PBXFileReference; explicitFileType = archive.ar; includeInIndex = 0; path = "libPods-WonderPhoto.a"; sourceTree = BUILT_PRODUCTS_DIR; };
		A300AF5D1B4BABC10071F5A3 /* WonderPhoto.app */ = {isa = PBXFileReference; explicitFileType = wrapper.application; includeInIndex = 0; path = WonderPhoto.app; sourceTree = BUILT_PRODUCTS_DIR; };
		A300AF611B4BABC10071F5A3 /* Info.plist */ = {isa = PBXFileReference; lastKnownFileType = text.plist.xml; path = Info.plist; sourceTree = "<group>"; };
		A300AF621B4BABC10071F5A3 /* main.m */ = {isa = PBXFileReference; lastKnownFileType = sourcecode.c.objc; path = main.m; sourceTree = "<group>"; };
		A300AF641B4BABC10071F5A3 /* AppDelegate.h */ = {isa = PBXFileReference; lastKnownFileType = sourcecode.c.h; path = AppDelegate.h; sourceTree = "<group>"; };
		A300AF651B4BABC10071F5A3 /* AppDelegate.m */ = {isa = PBXFileReference; lastKnownFileType = sourcecode.c.objc; path = AppDelegate.m; sourceTree = "<group>"; };
		A300AF6B1B4BABC10071F5A3 /* Base */ = {isa = PBXFileReference; lastKnownFileType = file.storyboard; name = Base; path = Base.lproj/Main.storyboard; sourceTree = "<group>"; };
		A300AF6D1B4BABC10071F5A3 /* Images.xcassets */ = {isa = PBXFileReference; lastKnownFileType = folder.assetcatalog; path = Images.xcassets; sourceTree = "<group>"; };
		A300AF701B4BABC10071F5A3 /* Base */ = {isa = PBXFileReference; lastKnownFileType = file.xib; name = Base; path = Base.lproj/LaunchScreen.xib; sourceTree = "<group>"; };
		A300AF761B4BABC10071F5A3 /* WonderPhotoTests.xctest */ = {isa = PBXFileReference; explicitFileType = wrapper.cfbundle; includeInIndex = 0; path = WonderPhotoTests.xctest; sourceTree = BUILT_PRODUCTS_DIR; };
		A300AF7B1B4BABC10071F5A3 /* Info.plist */ = {isa = PBXFileReference; lastKnownFileType = text.plist.xml; path = Info.plist; sourceTree = "<group>"; };
		A300AF7C1B4BABC10071F5A3 /* WonderPhotoTests.m */ = {isa = PBXFileReference; lastKnownFileType = sourcecode.c.objc; path = WonderPhotoTests.m; sourceTree = "<group>"; };
		B714903F74527112A8EA7A3E /* LoginViewModel.m */ = {isa = PBXFileReference; fileEncoding = 4; lastKnownFileType = sourcecode.c.objc; path = LoginViewModel.m; sourceTree = "<group>"; };
		B714973E103E031D1263E2C3 /* GalleryViewModel.h */ = {isa = PBXFileReference; fileEncoding = 4; lastKnownFileType = sourcecode.c.h; path = GalleryViewModel.h; sourceTree = "<group>"; };
		B7149895242F2A9EFD69C247 /* LoginViewController.m */ = {isa = PBXFileReference; fileEncoding = 4; lastKnownFileType = sourcecode.c.objc; path = LoginViewController.m; sourceTree = "<group>"; };
		B7149988679815AC6958F243 /* LoginViewController.h */ = {isa = PBXFileReference; fileEncoding = 4; lastKnownFileType = sourcecode.c.h; path = LoginViewController.h; sourceTree = "<group>"; };
		B7149AB42BB1CB126857EF41 /* GalleryViewModel.m */ = {isa = PBXFileReference; fileEncoding = 4; lastKnownFileType = sourcecode.c.objc; path = GalleryViewModel.m; sourceTree = "<group>"; };
		B7149AF8F00C67D2E57E737F /* GalleryViewController.h */ = {isa = PBXFileReference; fileEncoding = 4; lastKnownFileType = sourcecode.c.h; path = GalleryViewController.h; sourceTree = "<group>"; };
		B7149C613DA613FE78A81554 /* LoginViewModel.h */ = {isa = PBXFileReference; fileEncoding = 4; lastKnownFileType = sourcecode.c.h; path = LoginViewModel.h; sourceTree = "<group>"; };
		B7149DAECB7501181751D7E6 /* GalleryViewController.m */ = {isa = PBXFileReference; fileEncoding = 4; lastKnownFileType = sourcecode.c.objc; path = GalleryViewController.m; sourceTree = "<group>"; };
		F47A60A53EBC774B8B2FFCCE /* Pods-WonderPhoto.debug.xcconfig */ = {isa = PBXFileReference; includeInIndex = 1; lastKnownFileType = text.xcconfig; name = "Pods-WonderPhoto.debug.xcconfig"; path = "Pods/Target Support Files/Pods-WonderPhoto/Pods-WonderPhoto.debug.xcconfig"; sourceTree = "<group>"; };
/* End PBXFileReference section */

/* Begin PBXFrameworksBuildPhase section */
		A300AF5A1B4BABC10071F5A3 /* Frameworks */ = {
			isa = PBXFrameworksBuildPhase;
			buildActionMask = 2147483647;
			files = (
				A226615BBFDB27022FFA289D /* libPods-WonderPhoto.a in Frameworks */,
			);
			runOnlyForDeploymentPostprocessing = 0;
		};
		A300AF731B4BABC10071F5A3 /* Frameworks */ = {
			isa = PBXFrameworksBuildPhase;
			buildActionMask = 2147483647;
			files = (
			);
			runOnlyForDeploymentPostprocessing = 0;
		};
/* End PBXFrameworksBuildPhase section */

/* Begin PBXGroup section */
		2A3933BCE2BEC4155F867CDB /* Frameworks */ = {
			isa = PBXGroup;
			children = (
				80E02F6D42ED500C01B6608A /* libPods-WonderPhoto.a */,
			);
			name = Frameworks;
			sourceTree = "<group>";
		};
		A300AF541B4BABC10071F5A3 = {
			isa = PBXGroup;
			children = (
				A300AF5F1B4BABC10071F5A3 /* WonderPhoto */,
				A300AF791B4BABC10071F5A3 /* WonderPhotoTests */,
				A300AF5E1B4BABC10071F5A3 /* Products */,
				FAF94C8372C185277BFBD952 /* Pods */,
				2A3933BCE2BEC4155F867CDB /* Frameworks */,
			);
			sourceTree = "<group>";
		};
		A300AF5E1B4BABC10071F5A3 /* Products */ = {
			isa = PBXGroup;
			children = (
				A300AF5D1B4BABC10071F5A3 /* WonderPhoto.app */,
				A300AF761B4BABC10071F5A3 /* WonderPhotoTests.xctest */,
			);
			name = Products;
			sourceTree = "<group>";
		};
		A300AF5F1B4BABC10071F5A3 /* WonderPhoto */ = {
			isa = PBXGroup;
			children = (
				A300AF641B4BABC10071F5A3 /* AppDelegate.h */,
				A300AF651B4BABC10071F5A3 /* AppDelegate.m */,
				A300AF6A1B4BABC10071F5A3 /* Main.storyboard */,
				A300AF6D1B4BABC10071F5A3 /* Images.xcassets */,
				A300AF6F1B4BABC10071F5A3 /* LaunchScreen.xib */,
				A300AF601B4BABC10071F5A3 /* Supporting Files */,
				B7149B984012D84A1CC6A0AE /* View */,
				B7149388BF07D8182C4C45DB /* ViewModel */,
			);
			path = WonderPhoto;
			sourceTree = "<group>";
		};
		A300AF601B4BABC10071F5A3 /* Supporting Files */ = {
			isa = PBXGroup;
			children = (
				A300AF611B4BABC10071F5A3 /* Info.plist */,
				A300AF621B4BABC10071F5A3 /* main.m */,
			);
			name = "Supporting Files";
			sourceTree = "<group>";
		};
		A300AF791B4BABC10071F5A3 /* WonderPhotoTests */ = {
			isa = PBXGroup;
			children = (
				A300AF7C1B4BABC10071F5A3 /* WonderPhotoTests.m */,
				A300AF7A1B4BABC10071F5A3 /* Supporting Files */,
			);
			path = WonderPhotoTests;
			sourceTree = "<group>";
		};
		A300AF7A1B4BABC10071F5A3 /* Supporting Files */ = {
			isa = PBXGroup;
			children = (
				A300AF7B1B4BABC10071F5A3 /* Info.plist */,
			);
			name = "Supporting Files";
			sourceTree = "<group>";
		};
		B7149388BF07D8182C4C45DB /* ViewModel */ = {
			isa = PBXGroup;
			children = (
				B714903F74527112A8EA7A3E /* LoginViewModel.m */,
				B7149C613DA613FE78A81554 /* LoginViewModel.h */,
				B7149AB42BB1CB126857EF41 /* GalleryViewModel.m */,
				B714973E103E031D1263E2C3 /* GalleryViewModel.h */,
			);
			path = ViewModel;
			sourceTree = "<group>";
		};
		B7149B984012D84A1CC6A0AE /* View */ = {
			isa = PBXGroup;
			children = (
				B7149988679815AC6958F243 /* LoginViewController.h */,
				B7149895242F2A9EFD69C247 /* LoginViewController.m */,
				B7149DAECB7501181751D7E6 /* GalleryViewController.m */,
				B7149AF8F00C67D2E57E737F /* GalleryViewController.h */,
			);
			path = View;
			sourceTree = "<group>";
		};
		FAF94C8372C185277BFBD952 /* Pods */ = {
			isa = PBXGroup;
			children = (
				F47A60A53EBC774B8B2FFCCE /* Pods-WonderPhoto.debug.xcconfig */,
				202E52CE19DD23EAEA0ED056 /* Pods-WonderPhoto.release.xcconfig */,
			);
			name = Pods;
			sourceTree = "<group>";
		};
/* End PBXGroup section */

/* Begin PBXNativeTarget section */
		A300AF5C1B4BABC10071F5A3 /* WonderPhoto */ = {
			isa = PBXNativeTarget;
			buildConfigurationList = A300AF801B4BABC10071F5A3 /* Build configuration list for PBXNativeTarget "WonderPhoto" */;
			buildPhases = (
				DB89DC5DF4375D30C084A5F0 /* Check Pods Manifest.lock */,
				A300AF591B4BABC10071F5A3 /* Sources */,
				A300AF5A1B4BABC10071F5A3 /* Frameworks */,
				A300AF5B1B4BABC10071F5A3 /* Resources */,
				8E6F4D7D8ECF450A1ACDAF42 /* Copy Pods Resources */,
			);
			buildRules = (
			);
			dependencies = (
			);
			name = WonderPhoto;
			productName = WonderPhoto;
			productReference = A300AF5D1B4BABC10071F5A3 /* WonderPhoto.app */;
			productType = "com.apple.product-type.application";
		};
		A300AF751B4BABC10071F5A3 /* WonderPhotoTests */ = {
			isa = PBXNativeTarget;
			buildConfigurationList = A300AF831B4BABC10071F5A3 /* Build configuration list for PBXNativeTarget "WonderPhotoTests" */;
			buildPhases = (
				A300AF721B4BABC10071F5A3 /* Sources */,
				A300AF731B4BABC10071F5A3 /* Frameworks */,
				A300AF741B4BABC10071F5A3 /* Resources */,
			);
			buildRules = (
			);
			dependencies = (
				A300AF781B4BABC10071F5A3 /* PBXTargetDependency */,
			);
			name = WonderPhotoTests;
			productName = WonderPhotoTests;
			productReference = A300AF761B4BABC10071F5A3 /* WonderPhotoTests.xctest */;
			productType = "com.apple.product-type.bundle.unit-test";
		};
/* End PBXNativeTarget section */

/* Begin PBXProject section */
		A300AF551B4BABC10071F5A3 /* Project object */ = {
			isa = PBXProject;
			attributes = {
				LastUpgradeCheck = 0640;
				ORGANIZATIONNAME = "Haibin Wang";
				TargetAttributes = {
					A300AF5C1B4BABC10071F5A3 = {
						CreatedOnToolsVersion = 6.4;
					};
					A300AF751B4BABC10071F5A3 = {
						CreatedOnToolsVersion = 6.4;
						TestTargetID = A300AF5C1B4BABC10071F5A3;
					};
				};
			};
			buildConfigurationList = A300AF581B4BABC10071F5A3 /* Build configuration list for PBXProject "WonderPhoto" */;
			compatibilityVersion = "Xcode 3.2";
			developmentRegion = English;
			hasScannedForEncodings = 0;
			knownRegions = (
				en,
				Base,
			);
			mainGroup = A300AF541B4BABC10071F5A3;
			productRefGroup = A300AF5E1B4BABC10071F5A3 /* Products */;
			projectDirPath = "";
			projectRoot = "";
			targets = (
				A300AF5C1B4BABC10071F5A3 /* WonderPhoto */,
				A300AF751B4BABC10071F5A3 /* WonderPhotoTests */,
			);
		};
/* End PBXProject section */

/* Begin PBXResourcesBuildPhase section */
		A300AF5B1B4BABC10071F5A3 /* Resources */ = {
			isa = PBXResourcesBuildPhase;
			buildActionMask = 2147483647;
			files = (
				A300AF6C1B4BABC10071F5A3 /* Main.storyboard in Resources */,
				A300AF711B4BABC10071F5A3 /* LaunchScreen.xib in Resources */,
				A300AF6E1B4BABC10071F5A3 /* Images.xcassets in Resources */,
			);
			runOnlyForDeploymentPostprocessing = 0;
		};
		A300AF741B4BABC10071F5A3 /* Resources */ = {
			isa = PBXResourcesBuildPhase;
			buildActionMask = 2147483647;
			files = (
			);
			runOnlyForDeploymentPostprocessing = 0;
		};
/* End PBXResourcesBuildPhase section */

/* Begin PBXShellScriptBuildPhase section */
		8E6F4D7D8ECF450A1ACDAF42 /* Copy Pods Resources */ = {
			isa = PBXShellScriptBuildPhase;
			buildActionMask = 2147483647;
			files = (
			);
			inputPaths = (
			);
			name = "Copy Pods Resources";
			outputPaths = (
			);
			runOnlyForDeploymentPostprocessing = 0;
			shellPath = /bin/sh;
			shellScript = "\"${SRCROOT}/Pods/Target Support Files/Pods-WonderPhoto/Pods-WonderPhoto-resources.sh\"\n";
			showEnvVarsInLog = 0;
		};
		DB89DC5DF4375D30C084A5F0 /* Check Pods Manifest.lock */ = {
			isa = PBXShellScriptBuildPhase;
			buildActionMask = 2147483647;
			files = (
			);
			inputPaths = (
			);
			name = "Check Pods Manifest.lock";
			outputPaths = (
			);
			runOnlyForDeploymentPostprocessing = 0;
			shellPath = /bin/sh;
			shellScript = "diff \"${PODS_ROOT}/../Podfile.lock\" \"${PODS_ROOT}/Manifest.lock\" > /dev/null\nif [[ $? != 0 ]] ; then\n    cat << EOM\nerror: The sandbox is not in sync with the Podfile.lock. Run 'pod install' or update your CocoaPods installation.\nEOM\n    exit 1\nfi\n";
			showEnvVarsInLog = 0;
		};
/* End PBXShellScriptBuildPhase section */

/* Begin PBXSourcesBuildPhase section */
		A300AF591B4BABC10071F5A3 /* Sources */ = {
			isa = PBXSourcesBuildPhase;
			buildActionMask = 2147483647;
			files = (
				A300AF661B4BABC10071F5A3 /* AppDelegate.m in Sources */,
				A300AF631B4BABC10071F5A3 /* main.m in Sources */,
				B7149C9521CB5B8B7BAB0B88 /* LoginViewController.m in Sources */,
				B714907ACE597938191D7746 /* LoginViewModel.m in Sources */,
				B71495451D0E0C97804176EE /* GalleryViewController.m in Sources */,
				B7149029B1A2B82E6236621E /* GalleryViewModel.m in Sources */,
			);
			runOnlyForDeploymentPostprocessing = 0;
		};
		A300AF721B4BABC10071F5A3 /* Sources */ = {
			isa = PBXSourcesBuildPhase;
			buildActionMask = 2147483647;
			files = (
				A300AF7D1B4BABC10071F5A3 /* WonderPhotoTests.m in Sources */,
			);
			runOnlyForDeploymentPostprocessing = 0;
		};
/* End PBXSourcesBuildPhase section */

/* Begin PBXTargetDependency section */
		A300AF781B4BABC10071F5A3 /* PBXTargetDependency */ = {
			isa = PBXTargetDependency;
			target = A300AF5C1B4BABC10071F5A3 /* WonderPhoto */;
			targetProxy = A300AF771B4BABC10071F5A3 /* PBXContainerItemProxy */;
		};
/* End PBXTargetDependency section */

/* Begin PBXVariantGroup section */
		A300AF6A1B4BABC10071F5A3 /* Main.storyboard */ = {
			isa = PBXVariantGroup;
			children = (
				A300AF6B1B4BABC10071F5A3 /* Base */,
			);
			name = Main.storyboard;
			sourceTree = "<group>";
		};
		A300AF6F1B4BABC10071F5A3 /* LaunchScreen.xib */ = {
			isa = PBXVariantGroup;
			children = (
				A300AF701B4BABC10071F5A3 /* Base */,
			);
			name = LaunchScreen.xib;
			sourceTree = "<group>";
		};
/* End PBXVariantGroup section */

/* Begin XCBuildConfiguration section */
		A300AF7E1B4BABC10071F5A3 /* Debug */ = {
			isa = XCBuildConfiguration;
			buildSettings = {
				ALWAYS_SEARCH_USER_PATHS = NO;
				CLANG_CXX_LANGUAGE_STANDARD = "gnu++0x";
				CLANG_CXX_LIBRARY = "libc++";
				CLANG_ENABLE_MODULES = YES;
				CLANG_ENABLE_OBJC_ARC = YES;
				CLANG_WARN_BOOL_CONVERSION = YES;
				CLANG_WARN_CONSTANT_CONVERSION = YES;
				CLANG_WARN_DIRECT_OBJC_ISA_USAGE = YES_ERROR;
				CLANG_WARN_EMPTY_BODY = YES;
				CLANG_WARN_ENUM_CONVERSION = YES;
				CLANG_WARN_INT_CONVERSION = YES;
				CLANG_WARN_OBJC_ROOT_CLASS = YES_ERROR;
				CLANG_WARN_UNREACHABLE_CODE = YES;
				CLANG_WARN__DUPLICATE_METHOD_MATCH = YES;
				"CODE_SIGN_IDENTITY[sdk=iphoneos*]" = "iPhone Developer";
				COPY_PHASE_STRIP = NO;
				DEBUG_INFORMATION_FORMAT = "dwarf-with-dsym";
				ENABLE_STRICT_OBJC_MSGSEND = YES;
				GCC_C_LANGUAGE_STANDARD = gnu99;
				GCC_DYNAMIC_NO_PIC = NO;
				GCC_NO_COMMON_BLOCKS = YES;
				GCC_OPTIMIZATION_LEVEL = 0;
				GCC_PREPROCESSOR_DEFINITIONS = (
					"DEBUG=1",
					"$(inherited)",
				);
				GCC_SYMBOLS_PRIVATE_EXTERN = NO;
				GCC_WARN_64_TO_32_BIT_CONVERSION = YES;
				GCC_WARN_ABOUT_RETURN_TYPE = YES_ERROR;
				GCC_WARN_UNDECLARED_SELECTOR = YES;
				GCC_WARN_UNINITIALIZED_AUTOS = YES_AGGRESSIVE;
				GCC_WARN_UNUSED_FUNCTION = YES;
				GCC_WARN_UNUSED_VARIABLE = YES;
				IPHONEOS_DEPLOYMENT_TARGET = 8.4;
				MTL_ENABLE_DEBUG_INFO = YES;
				ONLY_ACTIVE_ARCH = YES;
				SDKROOT = iphoneos;
			};
			name = Debug;
		};
		A300AF7F1B4BABC10071F5A3 /* Release */ = {
			isa = XCBuildConfiguration;
			buildSettings = {
				ALWAYS_SEARCH_USER_PATHS = NO;
				CLANG_CXX_LANGUAGE_STANDARD = "gnu++0x";
				CLANG_CXX_LIBRARY = "libc++";
				CLANG_ENABLE_MODULES = YES;
				CLANG_ENABLE_OBJC_ARC = YES;
				CLANG_WARN_BOOL_CONVERSION = YES;
				CLANG_WARN_CONSTANT_CONVERSION = YES;
				CLANG_WARN_DIRECT_OBJC_ISA_USAGE = YES_ERROR;
				CLANG_WARN_EMPTY_BODY = YES;
				CLANG_WARN_ENUM_CONVERSION = YES;
				CLANG_WARN_INT_CONVERSION = YES;
				CLANG_WARN_OBJC_ROOT_CLASS = YES_ERROR;
				CLANG_WARN_UNREACHABLE_CODE = YES;
				CLANG_WARN__DUPLICATE_METHOD_MATCH = YES;
				"CODE_SIGN_IDENTITY[sdk=iphoneos*]" = "iPhone Developer";
				COPY_PHASE_STRIP = NO;
				DEBUG_INFORMATION_FORMAT = "dwarf-with-dsym";
				ENABLE_NS_ASSERTIONS = NO;
				ENABLE_STRICT_OBJC_MSGSEND = YES;
				GCC_C_LANGUAGE_STANDARD = gnu99;
				GCC_NO_COMMON_BLOCKS = YES;
				GCC_WARN_64_TO_32_BIT_CONVERSION = YES;
				GCC_WARN_ABOUT_RETURN_TYPE = YES_ERROR;
				GCC_WARN_UNDECLARED_SELECTOR = YES;
				GCC_WARN_UNINITIALIZED_AUTOS = YES_AGGRESSIVE;
				GCC_WARN_UNUSED_FUNCTION = YES;
				GCC_WARN_UNUSED_VARIABLE = YES;
				IPHONEOS_DEPLOYMENT_TARGET = 8.4;
				MTL_ENABLE_DEBUG_INFO = NO;
				SDKROOT = iphoneos;
				VALIDATE_PRODUCT = YES;
			};
			name = Release;
		};
		A300AF811B4BABC10071F5A3 /* Debug */ = {
			isa = XCBuildConfiguration;
			baseConfigurationReference = F47A60A53EBC774B8B2FFCCE /* Pods-WonderPhoto.debug.xcconfig */;
			buildSettings = {
				ASSETCATALOG_COMPILER_APPICON_NAME = AppIcon;
				INFOPLIST_FILE = WonderPhoto/Info.plist;
				IPHONEOS_DEPLOYMENT_TARGET = 7.0;
				LD_RUNPATH_SEARCH_PATHS = "$(inherited) @executable_path/Frameworks";
				PRODUCT_NAME = "$(TARGET_NAME)";
				USER_HEADER_SEARCH_PATHS = "\"${PROJECT_DIR}/Pods\"/**";
			};
			name = Debug;
		};
		A300AF821B4BABC10071F5A3 /* Release */ = {
			isa = XCBuildConfiguration;
			baseConfigurationReference = 202E52CE19DD23EAEA0ED056 /* Pods-WonderPhoto.release.xcconfig */;
			buildSettings = {
				ASSETCATALOG_COMPILER_APPICON_NAME = AppIcon;
				INFOPLIST_FILE = WonderPhoto/Info.plist;
				IPHONEOS_DEPLOYMENT_TARGET = 7.0;
				LD_RUNPATH_SEARCH_PATHS = "$(inherited) @executable_path/Frameworks";
				PRODUCT_NAME = "$(TARGET_NAME)";
				USER_HEADER_SEARCH_PATHS = "\"${PROJECT_DIR}/Pods\"/**";
			};
			name = Release;
		};
		A300AF841B4BABC10071F5A3 /* Debug */ = {
			isa = XCBuildConfiguration;
			buildSettings = {
				BUNDLE_LOADER = "$(TEST_HOST)";
				FRAMEWORK_SEARCH_PATHS = (
					"$(SDKROOT)/Developer/Library/Frameworks",
					"$(inherited)",
				);
				GCC_PREPROCESSOR_DEFINITIONS = (
					"DEBUG=1",
					"$(inherited)",
				);
				INFOPLIST_FILE = WonderPhotoTests/Info.plist;
				LD_RUNPATH_SEARCH_PATHS = "$(inherited) @executable_path/Frameworks @loader_path/Frameworks";
				PRODUCT_NAME = "$(TARGET_NAME)";
				TEST_HOST = "$(BUILT_PRODUCTS_DIR)/WonderPhoto.app/WonderPhoto";
			};
			name = Debug;
		};
		A300AF851B4BABC10071F5A3 /* Release */ = {
			isa = XCBuildConfiguration;
			buildSettings = {
				BUNDLE_LOADER = "$(TEST_HOST)";
				FRAMEWORK_SEARCH_PATHS = (
					"$(SDKROOT)/Developer/Library/Frameworks",
					"$(inherited)",
				);
				INFOPLIST_FILE = WonderPhotoTests/Info.plist;
				LD_RUNPATH_SEARCH_PATHS = "$(inherited) @executable_path/Frameworks @loader_path/Frameworks";
				PRODUCT_NAME = "$(TARGET_NAME)";
				TEST_HOST = "$(BUILT_PRODUCTS_DIR)/WonderPhoto.app/WonderPhoto";
			};
			name = Release;
		};
/* End XCBuildConfiguration section */

/* Begin XCConfigurationList section */
		A300AF581B4BABC10071F5A3 /* Build configuration list for PBXProject "WonderPhoto" */ = {
			isa = XCConfigurationList;
			buildConfigurations = (
				A300AF7E1B4BABC10071F5A3 /* Debug */,
				A300AF7F1B4BABC10071F5A3 /* Release */,
			);
			defaultConfigurationIsVisible = 0;
			defaultConfigurationName = Release;
		};
		A300AF801B4BABC10071F5A3 /* Build configuration list for PBXNativeTarget "WonderPhoto" */ = {
			isa = XCConfigurationList;
			buildConfigurations = (
				A300AF811B4BABC10071F5A3 /* Debug */,
				A300AF821B4BABC10071F5A3 /* Release */,
			);
			defaultConfigurationIsVisible = 0;
			defaultConfigurationName = Release;
		};
		A300AF831B4BABC10071F5A3 /* Build configuration list for PBXNativeTarget "WonderPhotoTests" */ = {
			isa = XCConfigurationList;
			buildConfigurations = (
				A300AF841B4BABC10071F5A3 /* Debug */,
				A300AF851B4BABC10071F5A3 /* Release */,
			);
			defaultConfigurationIsVisible = 0;
			defaultConfigurationName = Release;
		};
/* End XCConfigurationList section */
	};
	rootObject = A300AF551B4BABC10071F5A3 /* Project object */;
}
